// !$*UTF8*$!
{
	archiveVersion = 1;
	classes = {
	};
	objectVersion = 56;
	objects = {

/* Begin PBXBuildFile section */
		793EF7972B4FF7AD00737297 /* AppDelegate.swift in Sources */ = {isa = PBXBuildFile; fileRef = 793EF7962B4FF7AD00737297 /* AppDelegate.swift */; };
		793EF7992B4FF7AD00737297 /* SceneDelegate.swift in Sources */ = {isa = PBXBuildFile; fileRef = 793EF7982B4FF7AD00737297 /* SceneDelegate.swift */; };
		793EF79B2B4FF7AD00737297 /* ViewController.swift in Sources */ = {isa = PBXBuildFile; fileRef = 793EF79A2B4FF7AD00737297 /* ViewController.swift */; };
		793EF7A12B4FF7AD00737297 /* Contact.xcdatamodeld in Sources */ = {isa = PBXBuildFile; fileRef = 793EF79F2B4FF7AD00737297 /* Contact.xcdatamodeld */; };
		793EF7A32B4FF7AF00737297 /* Assets.xcassets in Resources */ = {isa = PBXBuildFile; fileRef = 793EF7A22B4FF7AF00737297 /* Assets.xcassets */; };
		793EF7A62B4FF7AF00737297 /* LaunchScreen.storyboard in Resources */ = {isa = PBXBuildFile; fileRef = 793EF7A42B4FF7AF00737297 /* LaunchScreen.storyboard */; };
		793EF7B12B4FF7B000737297 /* ContactTests.swift in Sources */ = {isa = PBXBuildFile; fileRef = 793EF7B02B4FF7B000737297 /* ContactTests.swift */; };
		793EF7BB2B4FF7B000737297 /* ContactUITests.swift in Sources */ = {isa = PBXBuildFile; fileRef = 793EF7BA2B4FF7B000737297 /* ContactUITests.swift */; };
		793EF7BD2B4FF7B000737297 /* ContactUITestsLaunchTests.swift in Sources */ = {isa = PBXBuildFile; fileRef = 793EF7BC2B4FF7B000737297 /* ContactUITestsLaunchTests.swift */; };
		793EF7CA2B4FFB1A00737297 /* InlineConfigurable.swift in Sources */ = {isa = PBXBuildFile; fileRef = 793EF7C92B4FFB1A00737297 /* InlineConfigurable.swift */; };
		793EF7CD2B4FFEF800737297 /* ContactViewController.swift in Sources */ = {isa = PBXBuildFile; fileRef = 793EF7CC2B4FFEF800737297 /* ContactViewController.swift */; };
		793EF7D02B4FFFFF00737297 /* Constants.swift in Sources */ = {isa = PBXBuildFile; fileRef = 793EF7CF2B4FFFFF00737297 /* Constants.swift */; };
		793EF7D32B50024300737297 /* MainCoordinator.swift in Sources */ = {isa = PBXBuildFile; fileRef = 793EF7D22B50024300737297 /* MainCoordinator.swift */; };
		793EF7D62B504A0200737297 /* ContactViewModel.swift in Sources */ = {isa = PBXBuildFile; fileRef = 793EF7D52B504A0200737297 /* ContactViewModel.swift */; };
		793EF7D92B504F3500737297 /* ContactTableViewCell.swift in Sources */ = {isa = PBXBuildFile; fileRef = 793EF7D82B504F3500737297 /* ContactTableViewCell.swift */; };
		793EF7DC2B507A8E00737297 /* ContactModel.swift in Sources */ = {isa = PBXBuildFile; fileRef = 793EF7DB2B507A8E00737297 /* ContactModel.swift */; };
		A5F680164B2AFFEEF40A9793 /* Pods_Contact.framework in Frameworks */ = {isa = PBXBuildFile; fileRef = 981A92F5C0C932390CDCA3D2 /* Pods_Contact.framework */; };
		D3A484E95DA7FCEBFEB965C4 /* Pods_Contact_ContactUITests.framework in Frameworks */ = {isa = PBXBuildFile; fileRef = D3C6FFE5A1D43E81DCB2FB99 /* Pods_Contact_ContactUITests.framework */; };
		E788A08D6E3C39CEEE452F78 /* Pods_ContactTests.framework in Frameworks */ = {isa = PBXBuildFile; fileRef = 383020D47E2D12FB73AFC8F9 /* Pods_ContactTests.framework */; };
/* End PBXBuildFile section */

/* Begin PBXContainerItemProxy section */
		793EF7AD2B4FF7B000737297 /* PBXContainerItemProxy */ = {
			isa = PBXContainerItemProxy;
			containerPortal = 793EF78B2B4FF7AD00737297 /* Project object */;
			proxyType = 1;
			remoteGlobalIDString = 793EF7922B4FF7AD00737297;
			remoteInfo = Contact;
		};
		793EF7B72B4FF7B000737297 /* PBXContainerItemProxy */ = {
			isa = PBXContainerItemProxy;
			containerPortal = 793EF78B2B4FF7AD00737297 /* Project object */;
			proxyType = 1;
			remoteGlobalIDString = 793EF7922B4FF7AD00737297;
			remoteInfo = Contact;
		};
/* End PBXContainerItemProxy section */

/* Begin PBXFileReference section */
		0430708ADE3723CBD8DE8147 /* Pods-Contact.debug.xcconfig */ = {isa = PBXFileReference; includeInIndex = 1; lastKnownFileType = text.xcconfig; name = "Pods-Contact.debug.xcconfig"; path = "Target Support Files/Pods-Contact/Pods-Contact.debug.xcconfig"; sourceTree = "<group>"; };
		0B3318CFFDFE0E03D86EF8AE /* Pods-ContactTests.debug.xcconfig */ = {isa = PBXFileReference; includeInIndex = 1; lastKnownFileType = text.xcconfig; name = "Pods-ContactTests.debug.xcconfig"; path = "Target Support Files/Pods-ContactTests/Pods-ContactTests.debug.xcconfig"; sourceTree = "<group>"; };
		33D3BC7C178EF377579D9864 /* Pods-Contact-ContactUITests.debug.xcconfig */ = {isa = PBXFileReference; includeInIndex = 1; lastKnownFileType = text.xcconfig; name = "Pods-Contact-ContactUITests.debug.xcconfig"; path = "Target Support Files/Pods-Contact-ContactUITests/Pods-Contact-ContactUITests.debug.xcconfig"; sourceTree = "<group>"; };
		383020D47E2D12FB73AFC8F9 /* Pods_ContactTests.framework */ = {isa = PBXFileReference; explicitFileType = wrapper.framework; includeInIndex = 0; path = Pods_ContactTests.framework; sourceTree = BUILT_PRODUCTS_DIR; };
		5528AFABB13F7786567B7ABC /* Pods-Contact-ContactUITests.release.xcconfig */ = {isa = PBXFileReference; includeInIndex = 1; lastKnownFileType = text.xcconfig; name = "Pods-Contact-ContactUITests.release.xcconfig"; path = "Target Support Files/Pods-Contact-ContactUITests/Pods-Contact-ContactUITests.release.xcconfig"; sourceTree = "<group>"; };
		793EF7932B4FF7AD00737297 /* Contact.app */ = {isa = PBXFileReference; explicitFileType = wrapper.application; includeInIndex = 0; path = Contact.app; sourceTree = BUILT_PRODUCTS_DIR; };
		793EF7962B4FF7AD00737297 /* AppDelegate.swift */ = {isa = PBXFileReference; lastKnownFileType = sourcecode.swift; path = AppDelegate.swift; sourceTree = "<group>"; };
		793EF7982B4FF7AD00737297 /* SceneDelegate.swift */ = {isa = PBXFileReference; lastKnownFileType = sourcecode.swift; path = SceneDelegate.swift; sourceTree = "<group>"; };
		793EF79A2B4FF7AD00737297 /* ViewController.swift */ = {isa = PBXFileReference; lastKnownFileType = sourcecode.swift; path = ViewController.swift; sourceTree = "<group>"; };
		793EF7A02B4FF7AD00737297 /* Contact.xcdatamodel */ = {isa = PBXFileReference; lastKnownFileType = wrapper.xcdatamodel; path = Contact.xcdatamodel; sourceTree = "<group>"; };
		793EF7A22B4FF7AF00737297 /* Assets.xcassets */ = {isa = PBXFileReference; lastKnownFileType = folder.assetcatalog; path = Assets.xcassets; sourceTree = "<group>"; };
		793EF7A52B4FF7AF00737297 /* Base */ = {isa = PBXFileReference; lastKnownFileType = file.storyboard; name = Base; path = Base.lproj/LaunchScreen.storyboard; sourceTree = "<group>"; };
		793EF7A72B4FF7AF00737297 /* Info.plist */ = {isa = PBXFileReference; lastKnownFileType = text.plist.xml; path = Info.plist; sourceTree = "<group>"; };
		793EF7AC2B4FF7B000737297 /* ContactTests.xctest */ = {isa = PBXFileReference; explicitFileType = wrapper.cfbundle; includeInIndex = 0; path = ContactTests.xctest; sourceTree = BUILT_PRODUCTS_DIR; };
		793EF7B02B4FF7B000737297 /* ContactTests.swift */ = {isa = PBXFileReference; lastKnownFileType = sourcecode.swift; path = ContactTests.swift; sourceTree = "<group>"; };
		793EF7B62B4FF7B000737297 /* ContactUITests.xctest */ = {isa = PBXFileReference; explicitFileType = wrapper.cfbundle; includeInIndex = 0; path = ContactUITests.xctest; sourceTree = BUILT_PRODUCTS_DIR; };
		793EF7BA2B4FF7B000737297 /* ContactUITests.swift */ = {isa = PBXFileReference; lastKnownFileType = sourcecode.swift; path = ContactUITests.swift; sourceTree = "<group>"; };
		793EF7BC2B4FF7B000737297 /* ContactUITestsLaunchTests.swift */ = {isa = PBXFileReference; lastKnownFileType = sourcecode.swift; path = ContactUITestsLaunchTests.swift; sourceTree = "<group>"; };
		793EF7C92B4FFB1A00737297 /* InlineConfigurable.swift */ = {isa = PBXFileReference; lastKnownFileType = sourcecode.swift; path = InlineConfigurable.swift; sourceTree = "<group>"; };
		793EF7CC2B4FFEF800737297 /* ContactViewController.swift */ = {isa = PBXFileReference; lastKnownFileType = sourcecode.swift; path = ContactViewController.swift; sourceTree = "<group>"; };
		793EF7CF2B4FFFFF00737297 /* Constants.swift */ = {isa = PBXFileReference; lastKnownFileType = sourcecode.swift; path = Constants.swift; sourceTree = "<group>"; };
		793EF7D22B50024300737297 /* MainCoordinator.swift */ = {isa = PBXFileReference; lastKnownFileType = sourcecode.swift; path = MainCoordinator.swift; sourceTree = "<group>"; };
		793EF7D52B504A0200737297 /* ContactViewModel.swift */ = {isa = PBXFileReference; lastKnownFileType = sourcecode.swift; path = ContactViewModel.swift; sourceTree = "<group>"; };
		793EF7D82B504F3500737297 /* ContactTableViewCell.swift */ = {isa = PBXFileReference; lastKnownFileType = sourcecode.swift; path = ContactTableViewCell.swift; sourceTree = "<group>"; };
		793EF7DB2B507A8E00737297 /* ContactModel.swift */ = {isa = PBXFileReference; lastKnownFileType = sourcecode.swift; path = ContactModel.swift; sourceTree = "<group>"; };
		981A92F5C0C932390CDCA3D2 /* Pods_Contact.framework */ = {isa = PBXFileReference; explicitFileType = wrapper.framework; includeInIndex = 0; path = Pods_Contact.framework; sourceTree = BUILT_PRODUCTS_DIR; };
		CC8AE8540C6569E7099817C8 /* Pods-ContactTests.release.xcconfig */ = {isa = PBXFileReference; includeInIndex = 1; lastKnownFileType = text.xcconfig; name = "Pods-ContactTests.release.xcconfig"; path = "Target Support Files/Pods-ContactTests/Pods-ContactTests.release.xcconfig"; sourceTree = "<group>"; };
		D3C6FFE5A1D43E81DCB2FB99 /* Pods_Contact_ContactUITests.framework */ = {isa = PBXFileReference; explicitFileType = wrapper.framework; includeInIndex = 0; path = Pods_Contact_ContactUITests.framework; sourceTree = BUILT_PRODUCTS_DIR; };
		E1083CB90CC0F3CB1C2C10B8 /* Pods-Contact.release.xcconfig */ = {isa = PBXFileReference; includeInIndex = 1; lastKnownFileType = text.xcconfig; name = "Pods-Contact.release.xcconfig"; path = "Target Support Files/Pods-Contact/Pods-Contact.release.xcconfig"; sourceTree = "<group>"; };
/* End PBXFileReference section */

/* Begin PBXFrameworksBuildPhase section */
		793EF7902B4FF7AD00737297 /* Frameworks */ = {
			isa = PBXFrameworksBuildPhase;
			buildActionMask = 2147483647;
			files = (
				A5F680164B2AFFEEF40A9793 /* Pods_Contact.framework in Frameworks */,
			);
			runOnlyForDeploymentPostprocessing = 0;
		};
		793EF7A92B4FF7B000737297 /* Frameworks */ = {
			isa = PBXFrameworksBuildPhase;
			buildActionMask = 2147483647;
			files = (
				E788A08D6E3C39CEEE452F78 /* Pods_ContactTests.framework in Frameworks */,
			);
			runOnlyForDeploymentPostprocessing = 0;
		};
		793EF7B32B4FF7B000737297 /* Frameworks */ = {
			isa = PBXFrameworksBuildPhase;
			buildActionMask = 2147483647;
			files = (
				D3A484E95DA7FCEBFEB965C4 /* Pods_Contact_ContactUITests.framework in Frameworks */,
			);
			runOnlyForDeploymentPostprocessing = 0;
		};
/* End PBXFrameworksBuildPhase section */

/* Begin PBXGroup section */
		3E12D51B9E7F7D2E806D8288 /* Pods */ = {
			isa = PBXGroup;
			children = (
				0430708ADE3723CBD8DE8147 /* Pods-Contact.debug.xcconfig */,
				E1083CB90CC0F3CB1C2C10B8 /* Pods-Contact.release.xcconfig */,
				33D3BC7C178EF377579D9864 /* Pods-Contact-ContactUITests.debug.xcconfig */,
				5528AFABB13F7786567B7ABC /* Pods-Contact-ContactUITests.release.xcconfig */,
				0B3318CFFDFE0E03D86EF8AE /* Pods-ContactTests.debug.xcconfig */,
				CC8AE8540C6569E7099817C8 /* Pods-ContactTests.release.xcconfig */,
			);
			path = Pods;
			sourceTree = "<group>";
		};
		793EF78A2B4FF7AD00737297 = {
			isa = PBXGroup;
			children = (
				793EF7952B4FF7AD00737297 /* Contact */,
				793EF7AF2B4FF7B000737297 /* ContactTests */,
				793EF7B92B4FF7B000737297 /* ContactUITests */,
				793EF7942B4FF7AD00737297 /* Products */,
				3E12D51B9E7F7D2E806D8288 /* Pods */,
				9E302E4C7A8C8274D030F418 /* Frameworks */,
			);
			sourceTree = "<group>";
		};
		793EF7942B4FF7AD00737297 /* Products */ = {
			isa = PBXGroup;
			children = (
				793EF7932B4FF7AD00737297 /* Contact.app */,
				793EF7AC2B4FF7B000737297 /* ContactTests.xctest */,
				793EF7B62B4FF7B000737297 /* ContactUITests.xctest */,
			);
			name = Products;
			sourceTree = "<group>";
		};
		793EF7952B4FF7AD00737297 /* Contact */ = {
			isa = PBXGroup;
			children = (
				793EF7962B4FF7AD00737297 /* AppDelegate.swift */,
				793EF7982B4FF7AD00737297 /* SceneDelegate.swift */,
				793EF79A2B4FF7AD00737297 /* ViewController.swift */,
				793EF7D22B50024300737297 /* MainCoordinator.swift */,
				793EF7DA2B507A7F00737297 /* Model */,
				793EF7D42B5049E000737297 /* ViewModel */,
				793EF7D12B50011700737297 /* Views */,
				793EF7CE2B4FFFE800737297 /* Constant */,
				793EF7CB2B4FFB2800737297 /* Core */,
				793EF7A22B4FF7AF00737297 /* Assets.xcassets */,
				793EF7A42B4FF7AF00737297 /* LaunchScreen.storyboard */,
				793EF7A72B4FF7AF00737297 /* Info.plist */,
				793EF79F2B4FF7AD00737297 /* Contact.xcdatamodeld */,
			);
			path = Contact;
			sourceTree = "<group>";
		};
		793EF7AF2B4FF7B000737297 /* ContactTests */ = {
			isa = PBXGroup;
			children = (
				793EF7B02B4FF7B000737297 /* ContactTests.swift */,
			);
			path = ContactTests;
			sourceTree = "<group>";
		};
		793EF7B92B4FF7B000737297 /* ContactUITests */ = {
			isa = PBXGroup;
			children = (
				793EF7BA2B4FF7B000737297 /* ContactUITests.swift */,
				793EF7BC2B4FF7B000737297 /* ContactUITestsLaunchTests.swift */,
			);
			path = ContactUITests;
			sourceTree = "<group>";
		};
		793EF7CB2B4FFB2800737297 /* Core */ = {
			isa = PBXGroup;
			children = (
				793EF7C92B4FFB1A00737297 /* InlineConfigurable.swift */,
			);
			path = Core;
			sourceTree = "<group>";
		};
		793EF7CE2B4FFFE800737297 /* Constant */ = {
			isa = PBXGroup;
			children = (
				793EF7CF2B4FFFFF00737297 /* Constants.swift */,
			);
			path = Constant;
			sourceTree = "<group>";
		};
		793EF7D12B50011700737297 /* Views */ = {
			isa = PBXGroup;
			children = (
				793EF7D72B504F1A00737297 /* Cell */,
				793EF7CC2B4FFEF800737297 /* ContactViewController.swift */,
			);
			path = Views;
			sourceTree = "<group>";
		};
		793EF7D42B5049E000737297 /* ViewModel */ = {
			isa = PBXGroup;
			children = (
				793EF7D52B504A0200737297 /* ContactViewModel.swift */,
			);
			path = ViewModel;
			sourceTree = "<group>";
		};
		793EF7D72B504F1A00737297 /* Cell */ = {
			isa = PBXGroup;
			children = (
				793EF7D82B504F3500737297 /* ContactTableViewCell.swift */,
			);
			path = Cell;
			sourceTree = "<group>";
		};
		793EF7DA2B507A7F00737297 /* Model */ = {
			isa = PBXGroup;
			children = (
				793EF7DB2B507A8E00737297 /* ContactModel.swift */,
			);
			path = Model;
			sourceTree = "<group>";
		};
		9E302E4C7A8C8274D030F418 /* Frameworks */ = {
			isa = PBXGroup;
			children = (
				981A92F5C0C932390CDCA3D2 /* Pods_Contact.framework */,
				D3C6FFE5A1D43E81DCB2FB99 /* Pods_Contact_ContactUITests.framework */,
				383020D47E2D12FB73AFC8F9 /* Pods_ContactTests.framework */,
			);
			name = Frameworks;
			sourceTree = "<group>";
		};
/* End PBXGroup section */

/* Begin PBXNativeTarget section */
		793EF7922B4FF7AD00737297 /* Contact */ = {
			isa = PBXNativeTarget;
			buildConfigurationList = 793EF7C02B4FF7B000737297 /* Build configuration list for PBXNativeTarget "Contact" */;
			buildPhases = (
				11FA850F3721BD94373A486E /* [CP] Check Pods Manifest.lock */,
				793EF78F2B4FF7AD00737297 /* Sources */,
				793EF7902B4FF7AD00737297 /* Frameworks */,
				793EF7912B4FF7AD00737297 /* Resources */,
				6AEC800804CB128E6E4D3C61 /* [CP] Embed Pods Frameworks */,
			);
			buildRules = (
			);
			dependencies = (
			);
			name = Contact;
			productName = Contact;
			productReference = 793EF7932B4FF7AD00737297 /* Contact.app */;
			productType = "com.apple.product-type.application";
		};
		793EF7AB2B4FF7B000737297 /* ContactTests */ = {
			isa = PBXNativeTarget;
			buildConfigurationList = 793EF7C32B4FF7B000737297 /* Build configuration list for PBXNativeTarget "ContactTests" */;
			buildPhases = (
				45B0290B0F271DD1FF951712 /* [CP] Check Pods Manifest.lock */,
				793EF7A82B4FF7B000737297 /* Sources */,
				793EF7A92B4FF7B000737297 /* Frameworks */,
				793EF7AA2B4FF7B000737297 /* Resources */,
			);
			buildRules = (
			);
			dependencies = (
				793EF7AE2B4FF7B000737297 /* PBXTargetDependency */,
			);
			name = ContactTests;
			productName = ContactTests;
			productReference = 793EF7AC2B4FF7B000737297 /* ContactTests.xctest */;
			productType = "com.apple.product-type.bundle.unit-test";
		};
		793EF7B52B4FF7B000737297 /* ContactUITests */ = {
			isa = PBXNativeTarget;
			buildConfigurationList = 793EF7C62B4FF7B000737297 /* Build configuration list for PBXNativeTarget "ContactUITests" */;
			buildPhases = (
				E63320F6834158F97907D4FE /* [CP] Check Pods Manifest.lock */,
				793EF7B22B4FF7B000737297 /* Sources */,
				793EF7B32B4FF7B000737297 /* Frameworks */,
				793EF7B42B4FF7B000737297 /* Resources */,
				576A98202BA344BD817647EF /* [CP] Embed Pods Frameworks */,
			);
			buildRules = (
			);
			dependencies = (
				793EF7B82B4FF7B000737297 /* PBXTargetDependency */,
			);
			name = ContactUITests;
			productName = ContactUITests;
			productReference = 793EF7B62B4FF7B000737297 /* ContactUITests.xctest */;
			productType = "com.apple.product-type.bundle.ui-testing";
		};
/* End PBXNativeTarget section */

/* Begin PBXProject section */
		793EF78B2B4FF7AD00737297 /* Project object */ = {
			isa = PBXProject;
			attributes = {
				BuildIndependentTargetsInParallel = 1;
				LastSwiftUpdateCheck = 1500;
				LastUpgradeCheck = 1500;
				TargetAttributes = {
					793EF7922B4FF7AD00737297 = {
						CreatedOnToolsVersion = 15.0;
					};
					793EF7AB2B4FF7B000737297 = {
						CreatedOnToolsVersion = 15.0;
						TestTargetID = 793EF7922B4FF7AD00737297;
					};
					793EF7B52B4FF7B000737297 = {
						CreatedOnToolsVersion = 15.0;
						TestTargetID = 793EF7922B4FF7AD00737297;
					};
				};
			};
			buildConfigurationList = 793EF78E2B4FF7AD00737297 /* Build configuration list for PBXProject "Contact" */;
			compatibilityVersion = "Xcode 14.0";
			developmentRegion = en;
			hasScannedForEncodings = 0;
			knownRegions = (
				en,
				Base,
			);
			mainGroup = 793EF78A2B4FF7AD00737297;
			productRefGroup = 793EF7942B4FF7AD00737297 /* Products */;
			projectDirPath = "";
			projectRoot = "";
			targets = (
				793EF7922B4FF7AD00737297 /* Contact */,
				793EF7AB2B4FF7B000737297 /* ContactTests */,
				793EF7B52B4FF7B000737297 /* ContactUITests */,
			);
		};
/* End PBXProject section */

/* Begin PBXResourcesBuildPhase section */
		793EF7912B4FF7AD00737297 /* Resources */ = {
			isa = PBXResourcesBuildPhase;
			buildActionMask = 2147483647;
			files = (
				793EF7A62B4FF7AF00737297 /* LaunchScreen.storyboard in Resources */,
				793EF7A32B4FF7AF00737297 /* Assets.xcassets in Resources */,
			);
			runOnlyForDeploymentPostprocessing = 0;
		};
		793EF7AA2B4FF7B000737297 /* Resources */ = {
			isa = PBXResourcesBuildPhase;
			buildActionMask = 2147483647;
			files = (
			);
			runOnlyForDeploymentPostprocessing = 0;
		};
		793EF7B42B4FF7B000737297 /* Resources */ = {
			isa = PBXResourcesBuildPhase;
			buildActionMask = 2147483647;
			files = (
			);
			runOnlyForDeploymentPostprocessing = 0;
		};
/* End PBXResourcesBuildPhase section */

/* Begin PBXShellScriptBuildPhase section */
		11FA850F3721BD94373A486E /* [CP] Check Pods Manifest.lock */ = {
			isa = PBXShellScriptBuildPhase;
			buildActionMask = 2147483647;
			files = (
			);
			inputFileListPaths = (
			);
			inputPaths = (
				"${PODS_PODFILE_DIR_PATH}/Podfile.lock",
				"${PODS_ROOT}/Manifest.lock",
			);
			name = "[CP] Check Pods Manifest.lock";
			outputFileListPaths = (
			);
			outputPaths = (
				"$(DERIVED_FILE_DIR)/Pods-Contact-checkManifestLockResult.txt",
			);
			runOnlyForDeploymentPostprocessing = 0;
			shellPath = /bin/sh;
			shellScript = "diff \"${PODS_PODFILE_DIR_PATH}/Podfile.lock\" \"${PODS_ROOT}/Manifest.lock\" > /dev/null\nif [ $? != 0 ] ; then\n    # print error to STDERR\n    echo \"error: The sandbox is not in sync with the Podfile.lock. Run 'pod install' or update your CocoaPods installation.\" >&2\n    exit 1\nfi\n# This output is used by Xcode 'outputs' to avoid re-running this script phase.\necho \"SUCCESS\" > \"${SCRIPT_OUTPUT_FILE_0}\"\n";
			showEnvVarsInLog = 0;
		};
		45B0290B0F271DD1FF951712 /* [CP] Check Pods Manifest.lock */ = {
			isa = PBXShellScriptBuildPhase;
			buildActionMask = 2147483647;
			files = (
			);
			inputFileListPaths = (
			);
			inputPaths = (
				"${PODS_PODFILE_DIR_PATH}/Podfile.lock",
				"${PODS_ROOT}/Manifest.lock",
			);
			name = "[CP] Check Pods Manifest.lock";
			outputFileListPaths = (
			);
			outputPaths = (
				"$(DERIVED_FILE_DIR)/Pods-ContactTests-checkManifestLockResult.txt",
			);
			runOnlyForDeploymentPostprocessing = 0;
			shellPath = /bin/sh;
			shellScript = "diff \"${PODS_PODFILE_DIR_PATH}/Podfile.lock\" \"${PODS_ROOT}/Manifest.lock\" > /dev/null\nif [ $? != 0 ] ; then\n    # print error to STDERR\n    echo \"error: The sandbox is not in sync with the Podfile.lock. Run 'pod install' or update your CocoaPods installation.\" >&2\n    exit 1\nfi\n# This output is used by Xcode 'outputs' to avoid re-running this script phase.\necho \"SUCCESS\" > \"${SCRIPT_OUTPUT_FILE_0}\"\n";
			showEnvVarsInLog = 0;
		};
		576A98202BA344BD817647EF /* [CP] Embed Pods Frameworks */ = {
			isa = PBXShellScriptBuildPhase;
			buildActionMask = 2147483647;
			files = (
			);
			inputFileListPaths = (
				"${PODS_ROOT}/Target Support Files/Pods-Contact-ContactUITests/Pods-Contact-ContactUITests-frameworks-${CONFIGURATION}-input-files.xcfilelist",
			);
			name = "[CP] Embed Pods Frameworks";
			outputFileListPaths = (
				"${PODS_ROOT}/Target Support Files/Pods-Contact-ContactUITests/Pods-Contact-ContactUITests-frameworks-${CONFIGURATION}-output-files.xcfilelist",
			);
			runOnlyForDeploymentPostprocessing = 0;
			shellPath = /bin/sh;
			shellScript = "\"${PODS_ROOT}/Target Support Files/Pods-Contact-ContactUITests/Pods-Contact-ContactUITests-frameworks.sh\"\n";
			showEnvVarsInLog = 0;
		};
		6AEC800804CB128E6E4D3C61 /* [CP] Embed Pods Frameworks */ = {
			isa = PBXShellScriptBuildPhase;
			buildActionMask = 2147483647;
			files = (
			);
			inputFileListPaths = (
				"${PODS_ROOT}/Target Support Files/Pods-Contact/Pods-Contact-frameworks-${CONFIGURATION}-input-files.xcfilelist",
			);
			name = "[CP] Embed Pods Frameworks";
			outputFileListPaths = (
				"${PODS_ROOT}/Target Support Files/Pods-Contact/Pods-Contact-frameworks-${CONFIGURATION}-output-files.xcfilelist",
			);
			runOnlyForDeploymentPostprocessing = 0;
			shellPath = /bin/sh;
			shellScript = "\"${PODS_ROOT}/Target Support Files/Pods-Contact/Pods-Contact-frameworks.sh\"\n";
			showEnvVarsInLog = 0;
		};
		E63320F6834158F97907D4FE /* [CP] Check Pods Manifest.lock */ = {
			isa = PBXShellScriptBuildPhase;
			buildActionMask = 2147483647;
			files = (
			);
			inputFileListPaths = (
			);
			inputPaths = (
				"${PODS_PODFILE_DIR_PATH}/Podfile.lock",
				"${PODS_ROOT}/Manifest.lock",
			);
			name = "[CP] Check Pods Manifest.lock";
			outputFileListPaths = (
			);
			outputPaths = (
				"$(DERIVED_FILE_DIR)/Pods-Contact-ContactUITests-checkManifestLockResult.txt",
			);
			runOnlyForDeploymentPostprocessing = 0;
			shellPath = /bin/sh;
			shellScript = "diff \"${PODS_PODFILE_DIR_PATH}/Podfile.lock\" \"${PODS_ROOT}/Manifest.lock\" > /dev/null\nif [ $? != 0 ] ; then\n    # print error to STDERR\n    echo \"error: The sandbox is not in sync with the Podfile.lock. Run 'pod install' or update your CocoaPods installation.\" >&2\n    exit 1\nfi\n# This output is used by Xcode 'outputs' to avoid re-running this script phase.\necho \"SUCCESS\" > \"${SCRIPT_OUTPUT_FILE_0}\"\n";
			showEnvVarsInLog = 0;
		};
/* End PBXShellScriptBuildPhase section */

/* Begin PBXSourcesBuildPhase section */
		793EF78F2B4FF7AD00737297 /* Sources */ = {
			isa = PBXSourcesBuildPhase;
			buildActionMask = 2147483647;
			files = (
				793EF7A12B4FF7AD00737297 /* Contact.xcdatamodeld in Sources */,
				793EF7D32B50024300737297 /* MainCoordinator.swift in Sources */,
				793EF79B2B4FF7AD00737297 /* ViewController.swift in Sources */,
				793EF7CA2B4FFB1A00737297 /* InlineConfigurable.swift in Sources */,
				793EF7972B4FF7AD00737297 /* AppDelegate.swift in Sources */,
				793EF7D02B4FFFFF00737297 /* Constants.swift in Sources */,
				793EF7D92B504F3500737297 /* ContactTableViewCell.swift in Sources */,
				793EF7992B4FF7AD00737297 /* SceneDelegate.swift in Sources */,
				793EF7D62B504A0200737297 /* ContactViewModel.swift in Sources */,
				793EF7CD2B4FFEF800737297 /* ContactViewController.swift in Sources */,
				793EF7DC2B507A8E00737297 /* ContactModel.swift in Sources */,
			);
			runOnlyForDeploymentPostprocessing = 0;
		};
		793EF7A82B4FF7B000737297 /* Sources */ = {
			isa = PBXSourcesBuildPhase;
			buildActionMask = 2147483647;
			files = (
				793EF7B12B4FF7B000737297 /* ContactTests.swift in Sources */,
			);
			runOnlyForDeploymentPostprocessing = 0;
		};
		793EF7B22B4FF7B000737297 /* Sources */ = {
			isa = PBXSourcesBuildPhase;
			buildActionMask = 2147483647;
			files = (
				793EF7BB2B4FF7B000737297 /* ContactUITests.swift in Sources */,
				793EF7BD2B4FF7B000737297 /* ContactUITestsLaunchTests.swift in Sources */,
			);
			runOnlyForDeploymentPostprocessing = 0;
		};
/* End PBXSourcesBuildPhase section */

/* Begin PBXTargetDependency section */
		793EF7AE2B4FF7B000737297 /* PBXTargetDependency */ = {
			isa = PBXTargetDependency;
			target = 793EF7922B4FF7AD00737297 /* Contact */;
			targetProxy = 793EF7AD2B4FF7B000737297 /* PBXContainerItemProxy */;
		};
		793EF7B82B4FF7B000737297 /* PBXTargetDependency */ = {
			isa = PBXTargetDependency;
			target = 793EF7922B4FF7AD00737297 /* Contact */;
			targetProxy = 793EF7B72B4FF7B000737297 /* PBXContainerItemProxy */;
		};
/* End PBXTargetDependency section */

/* Begin PBXVariantGroup section */
		793EF7A42B4FF7AF00737297 /* LaunchScreen.storyboard */ = {
			isa = PBXVariantGroup;
			children = (
				793EF7A52B4FF7AF00737297 /* Base */,
			);
			name = LaunchScreen.storyboard;
			sourceTree = "<group>";
		};
/* End PBXVariantGroup section */

/* Begin XCBuildConfiguration section */
		793EF7BE2B4FF7B000737297 /* Debug */ = {
			isa = XCBuildConfiguration;
			buildSettings = {
				ALWAYS_SEARCH_USER_PATHS = NO;
				ASSETCATALOG_COMPILER_GENERATE_SWIFT_ASSET_SYMBOL_EXTENSIONS = YES;
				CLANG_ANALYZER_NONNULL = YES;
				CLANG_ANALYZER_NUMBER_OBJECT_CONVERSION = YES_AGGRESSIVE;
				CLANG_CXX_LANGUAGE_STANDARD = "gnu++20";
				CLANG_ENABLE_MODULES = YES;
				CLANG_ENABLE_OBJC_ARC = YES;
				CLANG_ENABLE_OBJC_WEAK = YES;
				CLANG_WARN_BLOCK_CAPTURE_AUTORELEASING = YES;
				CLANG_WARN_BOOL_CONVERSION = YES;
				CLANG_WARN_COMMA = YES;
				CLANG_WARN_CONSTANT_CONVERSION = YES;
				CLANG_WARN_DEPRECATED_OBJC_IMPLEMENTATIONS = YES;
				CLANG_WARN_DIRECT_OBJC_ISA_USAGE = YES_ERROR;
				CLANG_WARN_DOCUMENTATION_COMMENTS = YES;
				CLANG_WARN_EMPTY_BODY = YES;
				CLANG_WARN_ENUM_CONVERSION = YES;
				CLANG_WARN_INFINITE_RECURSION = YES;
				CLANG_WARN_INT_CONVERSION = YES;
				CLANG_WARN_NON_LITERAL_NULL_CONVERSION = YES;
				CLANG_WARN_OBJC_IMPLICIT_RETAIN_SELF = YES;
				CLANG_WARN_OBJC_LITERAL_CONVERSION = YES;
				CLANG_WARN_OBJC_ROOT_CLASS = YES_ERROR;
				CLANG_WARN_QUOTED_INCLUDE_IN_FRAMEWORK_HEADER = YES;
				CLANG_WARN_RANGE_LOOP_ANALYSIS = YES;
				CLANG_WARN_STRICT_PROTOTYPES = YES;
				CLANG_WARN_SUSPICIOUS_MOVE = YES;
				CLANG_WARN_UNGUARDED_AVAILABILITY = YES_AGGRESSIVE;
				CLANG_WARN_UNREACHABLE_CODE = YES;
				CLANG_WARN__DUPLICATE_METHOD_MATCH = YES;
				COPY_PHASE_STRIP = NO;
				DEBUG_INFORMATION_FORMAT = dwarf;
				ENABLE_STRICT_OBJC_MSGSEND = YES;
				ENABLE_TESTABILITY = YES;
				ENABLE_USER_SCRIPT_SANDBOXING = NO;
				GCC_C_LANGUAGE_STANDARD = gnu17;
				GCC_DYNAMIC_NO_PIC = NO;
				GCC_NO_COMMON_BLOCKS = YES;
				GCC_OPTIMIZATION_LEVEL = 0;
				GCC_PREPROCESSOR_DEFINITIONS = (
					"DEBUG=1",
					"$(inherited)",
				);
				GCC_WARN_64_TO_32_BIT_CONVERSION = YES;
				GCC_WARN_ABOUT_RETURN_TYPE = YES_ERROR;
				GCC_WARN_UNDECLARED_SELECTOR = YES;
				GCC_WARN_UNINITIALIZED_AUTOS = YES_AGGRESSIVE;
				GCC_WARN_UNUSED_FUNCTION = YES;
				GCC_WARN_UNUSED_VARIABLE = YES;
				IPHONEOS_DEPLOYMENT_TARGET = 17.0;
				LOCALIZATION_PREFERS_STRING_CATALOGS = YES;
				MTL_ENABLE_DEBUG_INFO = INCLUDE_SOURCE;
				MTL_FAST_MATH = YES;
				ONLY_ACTIVE_ARCH = YES;
				SDKROOT = iphoneos;
				SWIFT_ACTIVE_COMPILATION_CONDITIONS = "DEBUG $(inherited)";
				SWIFT_OPTIMIZATION_LEVEL = "-Onone";
			};
			name = Debug;
		};
		793EF7BF2B4FF7B000737297 /* Release */ = {
			isa = XCBuildConfiguration;
			buildSettings = {
				ALWAYS_SEARCH_USER_PATHS = NO;
				ASSETCATALOG_COMPILER_GENERATE_SWIFT_ASSET_SYMBOL_EXTENSIONS = YES;
				CLANG_ANALYZER_NONNULL = YES;
				CLANG_ANALYZER_NUMBER_OBJECT_CONVERSION = YES_AGGRESSIVE;
				CLANG_CXX_LANGUAGE_STANDARD = "gnu++20";
				CLANG_ENABLE_MODULES = YES;
				CLANG_ENABLE_OBJC_ARC = YES;
				CLANG_ENABLE_OBJC_WEAK = YES;
				CLANG_WARN_BLOCK_CAPTURE_AUTORELEASING = YES;
				CLANG_WARN_BOOL_CONVERSION = YES;
				CLANG_WARN_COMMA = YES;
				CLANG_WARN_CONSTANT_CONVERSION = YES;
				CLANG_WARN_DEPRECATED_OBJC_IMPLEMENTATIONS = YES;
				CLANG_WARN_DIRECT_OBJC_ISA_USAGE = YES_ERROR;
				CLANG_WARN_DOCUMENTATION_COMMENTS = YES;
				CLANG_WARN_EMPTY_BODY = YES;
				CLANG_WARN_ENUM_CONVERSION = YES;
				CLANG_WARN_INFINITE_RECURSION = YES;
				CLANG_WARN_INT_CONVERSION = YES;
				CLANG_WARN_NON_LITERAL_NULL_CONVERSION = YES;
				CLANG_WARN_OBJC_IMPLICIT_RETAIN_SELF = YES;
				CLANG_WARN_OBJC_LITERAL_CONVERSION = YES;
				CLANG_WARN_OBJC_ROOT_CLASS = YES_ERROR;
				CLANG_WARN_QUOTED_INCLUDE_IN_FRAMEWORK_HEADER = YES;
				CLANG_WARN_RANGE_LOOP_ANALYSIS = YES;
				CLANG_WARN_STRICT_PROTOTYPES = YES;
				CLANG_WARN_SUSPICIOUS_MOVE = YES;
				CLANG_WARN_UNGUARDED_AVAILABILITY = YES_AGGRESSIVE;
				CLANG_WARN_UNREACHABLE_CODE = YES;
				CLANG_WARN__DUPLICATE_METHOD_MATCH = YES;
				COPY_PHASE_STRIP = NO;
				DEBUG_INFORMATION_FORMAT = "dwarf-with-dsym";
				ENABLE_NS_ASSERTIONS = NO;
				ENABLE_STRICT_OBJC_MSGSEND = YES;
				ENABLE_USER_SCRIPT_SANDBOXING = NO;
				GCC_C_LANGUAGE_STANDARD = gnu17;
				GCC_NO_COMMON_BLOCKS = YES;
				GCC_WARN_64_TO_32_BIT_CONVERSION = YES;
				GCC_WARN_ABOUT_RETURN_TYPE = YES_ERROR;
				GCC_WARN_UNDECLARED_SELECTOR = YES;
				GCC_WARN_UNINITIALIZED_AUTOS = YES_AGGRESSIVE;
				GCC_WARN_UNUSED_FUNCTION = YES;
				GCC_WARN_UNUSED_VARIABLE = YES;
				IPHONEOS_DEPLOYMENT_TARGET = 17.0;
				LOCALIZATION_PREFERS_STRING_CATALOGS = YES;
				MTL_ENABLE_DEBUG_INFO = NO;
				MTL_FAST_MATH = YES;
				SDKROOT = iphoneos;
				SWIFT_COMPILATION_MODE = wholemodule;
				VALIDATE_PRODUCT = YES;
			};
			name = Release;
		};
		793EF7C12B4FF7B000737297 /* Debug */ = {
			isa = XCBuildConfiguration;
			baseConfigurationReference = 0430708ADE3723CBD8DE8147 /* Pods-Contact.debug.xcconfig */;
			buildSettings = {
				ASSETCATALOG_COMPILER_APPICON_NAME = AppIcon;
				ASSETCATALOG_COMPILER_GLOBAL_ACCENT_COLOR_NAME = AccentColor;
				CODE_SIGN_STYLE = Automatic;
				CURRENT_PROJECT_VERSION = 1;
				DEVELOPMENT_TEAM = L3N8NDWZJN;
				GENERATE_INFOPLIST_FILE = YES;
				INFOPLIST_FILE = Contact/Info.plist;
				INFOPLIST_KEY_UIApplicationSupportsIndirectInputEvents = YES;
				INFOPLIST_KEY_UILaunchStoryboardName = LaunchScreen;
				INFOPLIST_KEY_UISupportedInterfaceOrientations_iPad = "UIInterfaceOrientationPortrait UIInterfaceOrientationPortraitUpsideDown UIInterfaceOrientationLandscapeLeft UIInterfaceOrientationLandscapeRight";
				INFOPLIST_KEY_UISupportedInterfaceOrientations_iPhone = "UIInterfaceOrientationPortrait UIInterfaceOrientationLandscapeLeft UIInterfaceOrientationLandscapeRight";
				LD_RUNPATH_SEARCH_PATHS = (
					"$(inherited)",
					"@executable_path/Frameworks",
				);
				MARKETING_VERSION = 1.0;
				PRODUCT_BUNDLE_IDENTIFIER = aruzhan.Contact;
				PRODUCT_NAME = "$(TARGET_NAME)";
				SWIFT_EMIT_LOC_STRINGS = YES;
				SWIFT_VERSION = 5.0;
				TARGETED_DEVICE_FAMILY = "1,2";
			};
			name = Debug;
		};
		793EF7C22B4FF7B000737297 /* Release */ = {
			isa = XCBuildConfiguration;
			baseConfigurationReference = E1083CB90CC0F3CB1C2C10B8 /* Pods-Contact.release.xcconfig */;
			buildSettings = {
				ASSETCATALOG_COMPILER_APPICON_NAME = AppIcon;
				ASSETCATALOG_COMPILER_GLOBAL_ACCENT_COLOR_NAME = AccentColor;
				CODE_SIGN_STYLE = Automatic;
				CURRENT_PROJECT_VERSION = 1;
				DEVELOPMENT_TEAM = L3N8NDWZJN;
				GENERATE_INFOPLIST_FILE = YES;
				INFOPLIST_FILE = Contact/Info.plist;
				INFOPLIST_KEY_UIApplicationSupportsIndirectInputEvents = YES;
				INFOPLIST_KEY_UILaunchStoryboardName = LaunchScreen;
				INFOPLIST_KEY_UISupportedInterfaceOrientations_iPad = "UIInterfaceOrientationPortrait UIInterfaceOrientationPortraitUpsideDown UIInterfaceOrientationLandscapeLeft UIInterfaceOrientationLandscapeRight";
				INFOPLIST_KEY_UISupportedInterfaceOrientations_iPhone = "UIInterfaceOrientationPortrait UIInterfaceOrientationLandscapeLeft UIInterfaceOrientationLandscapeRight";
				LD_RUNPATH_SEARCH_PATHS = (
					"$(inherited)",
					"@executable_path/Frameworks",
				);
				MARKETING_VERSION = 1.0;
				PRODUCT_BUNDLE_IDENTIFIER = aruzhan.Contact;
				PRODUCT_NAME = "$(TARGET_NAME)";
				SWIFT_EMIT_LOC_STRINGS = YES;
				SWIFT_VERSION = 5.0;
				TARGETED_DEVICE_FAMILY = "1,2";
			};
			name = Release;
		};
		793EF7C42B4FF7B000737297 /* Debug */ = {
			isa = XCBuildConfiguration;
			baseConfigurationReference = 0B3318CFFDFE0E03D86EF8AE /* Pods-ContactTests.debug.xcconfig */;
			buildSettings = {
				ALWAYS_EMBED_SWIFT_STANDARD_LIBRARIES = YES;
				BUNDLE_LOADER = "$(TEST_HOST)";
				CODE_SIGN_STYLE = Automatic;
				CURRENT_PROJECT_VERSION = 1;
				DEVELOPMENT_TEAM = L3N8NDWZJN;
				GENERATE_INFOPLIST_FILE = YES;
				IPHONEOS_DEPLOYMENT_TARGET = 17.0;
				MARKETING_VERSION = 1.0;
				PRODUCT_BUNDLE_IDENTIFIER = aruzhan.ContactTests;
				PRODUCT_NAME = "$(TARGET_NAME)";
				SWIFT_EMIT_LOC_STRINGS = NO;
				SWIFT_VERSION = 5.0;
				TARGETED_DEVICE_FAMILY = "1,2";
				TEST_HOST = "$(BUILT_PRODUCTS_DIR)/Contact.app/$(BUNDLE_EXECUTABLE_FOLDER_PATH)/Contact";
			};
			name = Debug;
		};
		793EF7C52B4FF7B000737297 /* Release */ = {
			isa = XCBuildConfiguration;
			baseConfigurationReference = CC8AE8540C6569E7099817C8 /* Pods-ContactTests.release.xcconfig */;
			buildSettings = {
				ALWAYS_EMBED_SWIFT_STANDARD_LIBRARIES = YES;
				BUNDLE_LOADER = "$(TEST_HOST)";
				CODE_SIGN_STYLE = Automatic;
				CURRENT_PROJECT_VERSION = 1;
				DEVELOPMENT_TEAM = L3N8NDWZJN;
				GENERATE_INFOPLIST_FILE = YES;
				IPHONEOS_DEPLOYMENT_TARGET = 17.0;
				MARKETING_VERSION = 1.0;
				PRODUCT_BUNDLE_IDENTIFIER = aruzhan.ContactTests;
				PRODUCT_NAME = "$(TARGET_NAME)";
				SWIFT_EMIT_LOC_STRINGS = NO;
				SWIFT_VERSION = 5.0;
				TARGETED_DEVICE_FAMILY = "1,2";
				TEST_HOST = "$(BUILT_PRODUCTS_DIR)/Contact.app/$(BUNDLE_EXECUTABLE_FOLDER_PATH)/Contact";
			};
			name = Release;
		};
		793EF7C72B4FF7B000737297 /* Debug */ = {
			isa = XCBuildConfiguration;
			baseConfigurationReference = 33D3BC7C178EF377579D9864 /* Pods-Contact-ContactUITests.debug.xcconfig */;
			buildSettings = {
				ALWAYS_EMBED_SWIFT_STANDARD_LIBRARIES = YES;
				CODE_SIGN_STYLE = Automatic;
				CURRENT_PROJECT_VERSION = 1;
				DEVELOPMENT_TEAM = L3N8NDWZJN;
				GENERATE_INFOPLIST_FILE = YES;
				MARKETING_VERSION = 1.0;
				PRODUCT_BUNDLE_IDENTIFIER = aruzhan.ContactUITests;
				PRODUCT_NAME = "$(TARGET_NAME)";
				SWIFT_EMIT_LOC_STRINGS = NO;
				SWIFT_VERSION = 5.0;
				TARGETED_DEVICE_FAMILY = "1,2";
				TEST_TARGET_NAME = Contact;
			};
			name = Debug;
		};
		793EF7C82B4FF7B000737297 /* Release */ = {
			isa = XCBuildConfiguration;
			baseConfigurationReference = 5528AFABB13F7786567B7ABC /* Pods-Contact-ContactUITests.release.xcconfig */;
			buildSettings = {
				ALWAYS_EMBED_SWIFT_STANDARD_LIBRARIES = YES;
				CODE_SIGN_STYLE = Automatic;
				CURRENT_PROJECT_VERSION = 1;
				DEVELOPMENT_TEAM = L3N8NDWZJN;
				GENERATE_INFOPLIST_FILE = YES;
				MARKETING_VERSION = 1.0;
				PRODUCT_BUNDLE_IDENTIFIER = aruzhan.ContactUITests;
				PRODUCT_NAME = "$(TARGET_NAME)";
				SWIFT_EMIT_LOC_STRINGS = NO;
				SWIFT_VERSION = 5.0;
				TARGETED_DEVICE_FAMILY = "1,2";
				TEST_TARGET_NAME = Contact;
			};
			name = Release;
		};
/* End XCBuildConfiguration section */

/* Begin XCConfigurationList section */
		793EF78E2B4FF7AD00737297 /* Build configuration list for PBXProject "Contact" */ = {
			isa = XCConfigurationList;
			buildConfigurations = (
				793EF7BE2B4FF7B000737297 /* Debug */,
				793EF7BF2B4FF7B000737297 /* Release */,
			);
			defaultConfigurationIsVisible = 0;
			defaultConfigurationName = Release;
		};
		793EF7C02B4FF7B000737297 /* Build configuration list for PBXNativeTarget "Contact" */ = {
			isa = XCConfigurationList;
			buildConfigurations = (
				793EF7C12B4FF7B000737297 /* Debug */,
				793EF7C22B4FF7B000737297 /* Release */,
			);
			defaultConfigurationIsVisible = 0;
			defaultConfigurationName = Release;
		};
		793EF7C32B4FF7B000737297 /* Build configuration list for PBXNativeTarget "ContactTests" */ = {
			isa = XCConfigurationList;
			buildConfigurations = (
				793EF7C42B4FF7B000737297 /* Debug */,
				793EF7C52B4FF7B000737297 /* Release */,
			);
			defaultConfigurationIsVisible = 0;
			defaultConfigurationName = Release;
		};
		793EF7C62B4FF7B000737297 /* Build configuration list for PBXNativeTarget "ContactUITests" */ = {
			isa = XCConfigurationList;
			buildConfigurations = (
				793EF7C72B4FF7B000737297 /* Debug */,
				793EF7C82B4FF7B000737297 /* Release */,
			);
			defaultConfigurationIsVisible = 0;
			defaultConfigurationName = Release;
		};
/* End XCConfigurationList section */

/* Begin XCVersionGroup section */
		793EF79F2B4FF7AD00737297 /* Contact.xcdatamodeld */ = {
			isa = XCVersionGroup;
			children = (
				793EF7A02B4FF7AD00737297 /* Contact.xcdatamodel */,
			);
			currentVersion = 793EF7A02B4FF7AD00737297 /* Contact.xcdatamodel */;
			path = Contact.xcdatamodeld;
			sourceTree = "<group>";
			versionGroupType = wrapper.xcdatamodel;
		};
/* End XCVersionGroup section */
	};
	rootObject = 793EF78B2B4FF7AD00737297 /* Project object */;
}
